// !$*UTF8*$!
{
	archiveVersion = 1;
	classes = {
	};
	objectVersion = 46;
	objects = {

/* Begin PBXBuildFile section */
		042D45CC9C8406A0C4FE6A28 /* Pods_TheChampions.framework in Frameworks */ = {isa = PBXBuildFile; fileRef = D835F8DF36BC0ED6DD435377 /* Pods_TheChampions.framework */; };
		D71B9CA21E6352A800336B5E /* FinancasVC.swift in Sources */ = {isa = PBXBuildFile; fileRef = D71B9CA11E6352A800336B5E /* FinancasVC.swift */; };
		D71B9CA41E635F4300336B5E /* MovimentacaoTVCell.swift in Sources */ = {isa = PBXBuildFile; fileRef = D71B9CA31E635F4300336B5E /* MovimentacaoTVCell.swift */; };
		D71C01AD1E64CC6400E3AF2A /* JogadorModel.swift in Sources */ = {isa = PBXBuildFile; fileRef = D71C01AC1E64CC6400E3AF2A /* JogadorModel.swift */; };
		D71C01AF1E64D25D00E3AF2A /* EstadioModel.swift in Sources */ = {isa = PBXBuildFile; fileRef = D71C01AE1E64D25D00E3AF2A /* EstadioModel.swift */; };
		D71C01B11E64D3AB00E3AF2A /* ClubeModel.swift in Sources */ = {isa = PBXBuildFile; fileRef = D71C01B01E64D3AB00E3AF2A /* ClubeModel.swift */; };
		D71C01B31E65B95000E3AF2A /* MovimentoFinanceiroModel.swift in Sources */ = {isa = PBXBuildFile; fileRef = D71C01B21E65B95000E3AF2A /* MovimentoFinanceiroModel.swift */; };
		D71C01B51E65BA3B00E3AF2A /* TemporadaModel.swift in Sources */ = {isa = PBXBuildFile; fileRef = D71C01B41E65BA3B00E3AF2A /* TemporadaModel.swift */; };
		D71C01B71E65BC1000E3AF2A /* TabelaClassificacaoModel.swift in Sources */ = {isa = PBXBuildFile; fileRef = D71C01B61E65BC1000E3AF2A /* TabelaClassificacaoModel.swift */; };
		D71C01B91E689EDB00E3AF2A /* BaseDados.swift in Sources */ = {isa = PBXBuildFile; fileRef = D71C01B81E689EDB00E3AF2A /* BaseDados.swift */; };
		D71C01BC1E69DC8500E3AF2A /* Config.swift in Sources */ = {isa = PBXBuildFile; fileRef = D71C01BB1E69DC8500E3AF2A /* Config.swift */; };
		D71C01BE1E69DE2D00E3AF2A /* InicioVC.swift in Sources */ = {isa = PBXBuildFile; fileRef = D71C01BD1E69DE2D00E3AF2A /* InicioVC.swift */; };
		D71C01C01E6A0A6F00E3AF2A /* EstadioVC.swift in Sources */ = {isa = PBXBuildFile; fileRef = D71C01BF1E6A0A6F00E3AF2A /* EstadioVC.swift */; };
		D7C43A961E7222F6002D1CB5 /* clubes.json in Resources */ = {isa = PBXBuildFile; fileRef = D7C43A951E7222F6002D1CB5 /* clubes.json */; };
		D7EF25B91E61D424001748DB /* AppDelegate.swift in Sources */ = {isa = PBXBuildFile; fileRef = D7EF25B81E61D424001748DB /* AppDelegate.swift */; };
		D7EF25C01E61D424001748DB /* Main.storyboard in Resources */ = {isa = PBXBuildFile; fileRef = D7EF25BE1E61D424001748DB /* Main.storyboard */; };
		D7EF25C21E61D424001748DB /* Assets.xcassets in Resources */ = {isa = PBXBuildFile; fileRef = D7EF25C11E61D424001748DB /* Assets.xcassets */; };
		D7EF25C51E61D424001748DB /* LaunchScreen.storyboard in Resources */ = {isa = PBXBuildFile; fileRef = D7EF25C31E61D424001748DB /* LaunchScreen.storyboard */; };
		D7EF25CF1E6225D3001748DB /* VendaVC.swift in Sources */ = {isa = PBXBuildFile; fileRef = D7EF25CE1E6225D3001748DB /* VendaVC.swift */; };
		D7EF25D11E6227E5001748DB /* JogadorVC.swift in Sources */ = {isa = PBXBuildFile; fileRef = D7EF25D01E6227E5001748DB /* JogadorVC.swift */; };
		D7EF25D31E622CD4001748DB /* JogadorTVCell.swift in Sources */ = {isa = PBXBuildFile; fileRef = D7EF25D21E622CD4001748DB /* JogadorTVCell.swift */; };
		D7EF25D71E630E73001748DB /* ClubeTVC.swift in Sources */ = {isa = PBXBuildFile; fileRef = D7EF25D61E630E73001748DB /* ClubeTVC.swift */; };
/* End PBXBuildFile section */

/* Begin PBXFileReference section */
		0E7F7A388DFE9D8F084CA671 /* Pods-TheChampions.debug.xcconfig */ = {isa = PBXFileReference; includeInIndex = 1; lastKnownFileType = text.xcconfig; name = "Pods-TheChampions.debug.xcconfig"; path = "Pods/Target Support Files/Pods-TheChampions/Pods-TheChampions.debug.xcconfig"; sourceTree = "<group>"; };
		D71B9CA11E6352A800336B5E /* FinancasVC.swift */ = {isa = PBXFileReference; fileEncoding = 4; lastKnownFileType = sourcecode.swift; path = FinancasVC.swift; sourceTree = "<group>"; };
		D71B9CA31E635F4300336B5E /* MovimentacaoTVCell.swift */ = {isa = PBXFileReference; fileEncoding = 4; lastKnownFileType = sourcecode.swift; path = MovimentacaoTVCell.swift; sourceTree = "<group>"; };
		D71C01AC1E64CC6400E3AF2A /* JogadorModel.swift */ = {isa = PBXFileReference; fileEncoding = 4; lastKnownFileType = sourcecode.swift; path = JogadorModel.swift; sourceTree = "<group>"; };
		D71C01AE1E64D25D00E3AF2A /* EstadioModel.swift */ = {isa = PBXFileReference; fileEncoding = 4; lastKnownFileType = sourcecode.swift; path = EstadioModel.swift; sourceTree = "<group>"; };
		D71C01B01E64D3AB00E3AF2A /* ClubeModel.swift */ = {isa = PBXFileReference; fileEncoding = 4; lastKnownFileType = sourcecode.swift; path = ClubeModel.swift; sourceTree = "<group>"; };
		D71C01B21E65B95000E3AF2A /* MovimentoFinanceiroModel.swift */ = {isa = PBXFileReference; fileEncoding = 4; lastKnownFileType = sourcecode.swift; path = MovimentoFinanceiroModel.swift; sourceTree = "<group>"; };
		D71C01B41E65BA3B00E3AF2A /* TemporadaModel.swift */ = {isa = PBXFileReference; fileEncoding = 4; lastKnownFileType = sourcecode.swift; path = TemporadaModel.swift; sourceTree = "<group>"; };
		D71C01B61E65BC1000E3AF2A /* TabelaClassificacaoModel.swift */ = {isa = PBXFileReference; fileEncoding = 4; lastKnownFileType = sourcecode.swift; path = TabelaClassificacaoModel.swift; sourceTree = "<group>"; };
		D71C01B81E689EDB00E3AF2A /* BaseDados.swift */ = {isa = PBXFileReference; fileEncoding = 4; lastKnownFileType = sourcecode.swift; path = BaseDados.swift; sourceTree = "<group>"; };
		D71C01BB1E69DC8500E3AF2A /* Config.swift */ = {isa = PBXFileReference; fileEncoding = 4; lastKnownFileType = sourcecode.swift; path = Config.swift; sourceTree = "<group>"; };
		D71C01BD1E69DE2D00E3AF2A /* InicioVC.swift */ = {isa = PBXFileReference; fileEncoding = 4; lastKnownFileType = sourcecode.swift; path = InicioVC.swift; sourceTree = "<group>"; };
		D71C01BF1E6A0A6F00E3AF2A /* EstadioVC.swift */ = {isa = PBXFileReference; fileEncoding = 4; lastKnownFileType = sourcecode.swift; path = EstadioVC.swift; sourceTree = "<group>"; };
		D7C43A951E7222F6002D1CB5 /* clubes.json */ = {isa = PBXFileReference; fileEncoding = 4; lastKnownFileType = text.json; path = clubes.json; sourceTree = "<group>"; };
		D7EF25B51E61D424001748DB /* TheChampions.app */ = {isa = PBXFileReference; explicitFileType = wrapper.application; includeInIndex = 0; path = TheChampions.app; sourceTree = BUILT_PRODUCTS_DIR; };
		D7EF25B81E61D424001748DB /* AppDelegate.swift */ = {isa = PBXFileReference; lastKnownFileType = sourcecode.swift; path = AppDelegate.swift; sourceTree = "<group>"; };
		D7EF25BF1E61D424001748DB /* Base */ = {isa = PBXFileReference; lastKnownFileType = file.storyboard; name = Base; path = Base.lproj/Main.storyboard; sourceTree = "<group>"; };
		D7EF25C11E61D424001748DB /* Assets.xcassets */ = {isa = PBXFileReference; lastKnownFileType = folder.assetcatalog; path = Assets.xcassets; sourceTree = "<group>"; };
		D7EF25C41E61D424001748DB /* Base */ = {isa = PBXFileReference; lastKnownFileType = file.storyboard; name = Base; path = Base.lproj/LaunchScreen.storyboard; sourceTree = "<group>"; };
		D7EF25C61E61D424001748DB /* Info.plist */ = {isa = PBXFileReference; lastKnownFileType = text.plist.xml; path = Info.plist; sourceTree = "<group>"; };
		D7EF25CE1E6225D3001748DB /* VendaVC.swift */ = {isa = PBXFileReference; fileEncoding = 4; lastKnownFileType = sourcecode.swift; path = VendaVC.swift; sourceTree = "<group>"; };
		D7EF25D01E6227E5001748DB /* JogadorVC.swift */ = {isa = PBXFileReference; fileEncoding = 4; lastKnownFileType = sourcecode.swift; path = JogadorVC.swift; sourceTree = "<group>"; };
		D7EF25D21E622CD4001748DB /* JogadorTVCell.swift */ = {isa = PBXFileReference; fileEncoding = 4; lastKnownFileType = sourcecode.swift; path = JogadorTVCell.swift; sourceTree = "<group>"; };
		D7EF25D61E630E73001748DB /* ClubeTVC.swift */ = {isa = PBXFileReference; fileEncoding = 4; lastKnownFileType = sourcecode.swift; path = ClubeTVC.swift; sourceTree = "<group>"; };
		D835F8DF36BC0ED6DD435377 /* Pods_TheChampions.framework */ = {isa = PBXFileReference; explicitFileType = wrapper.framework; includeInIndex = 0; path = Pods_TheChampions.framework; sourceTree = BUILT_PRODUCTS_DIR; };
		F5B90C3636253D6A6B8C8104 /* Pods-TheChampions.release.xcconfig */ = {isa = PBXFileReference; includeInIndex = 1; lastKnownFileType = text.xcconfig; name = "Pods-TheChampions.release.xcconfig"; path = "Pods/Target Support Files/Pods-TheChampions/Pods-TheChampions.release.xcconfig"; sourceTree = "<group>"; };
/* End PBXFileReference section */

/* Begin PBXFrameworksBuildPhase section */
		D7EF25B21E61D423001748DB /* Frameworks */ = {
			isa = PBXFrameworksBuildPhase;
			buildActionMask = 2147483647;
			files = (
				042D45CC9C8406A0C4FE6A28 /* Pods_TheChampions.framework in Frameworks */,
			);
			runOnlyForDeploymentPostprocessing = 0;
		};
/* End PBXFrameworksBuildPhase section */

/* Begin PBXGroup section */
		B6090AA50491F43B523DA157 /* Pods */ = {
			isa = PBXGroup;
			children = (
				0E7F7A388DFE9D8F084CA671 /* Pods-TheChampions.debug.xcconfig */,
				F5B90C3636253D6A6B8C8104 /* Pods-TheChampions.release.xcconfig */,
			);
			name = Pods;
			sourceTree = "<group>";
		};
		D71C01BA1E68B8FA00E3AF2A /* Model */ = {
			isa = PBXGroup;
			children = (
				D71C01AC1E64CC6400E3AF2A /* JogadorModel.swift */,
				D71C01AE1E64D25D00E3AF2A /* EstadioModel.swift */,
				D71C01B01E64D3AB00E3AF2A /* ClubeModel.swift */,
				D71C01B21E65B95000E3AF2A /* MovimentoFinanceiroModel.swift */,
				D71C01B41E65BA3B00E3AF2A /* TemporadaModel.swift */,
				D71C01B61E65BC1000E3AF2A /* TabelaClassificacaoModel.swift */,
				D71C01B81E689EDB00E3AF2A /* BaseDados.swift */,
				D71C01BB1E69DC8500E3AF2A /* Config.swift */,
			);
			name = Model;
			sourceTree = "<group>";
		};
		D7EF25AC1E61D423001748DB = {
			isa = PBXGroup;
			children = (
				D7EF25B71E61D424001748DB /* TheChampions */,
				D7EF25B61E61D424001748DB /* Products */,
				B6090AA50491F43B523DA157 /* Pods */,
				DC94BFEEF229E7F75672CFEA /* Frameworks */,
			);
			sourceTree = "<group>";
		};
		D7EF25B61E61D424001748DB /* Products */ = {
			isa = PBXGroup;
			children = (
				D7EF25B51E61D424001748DB /* TheChampions.app */,
			);
			name = Products;
			sourceTree = "<group>";
		};
		D7EF25B71E61D424001748DB /* TheChampions */ = {
			isa = PBXGroup;
			children = (
				D7C43A951E7222F6002D1CB5 /* clubes.json */,
				D71C01BD1E69DE2D00E3AF2A /* InicioVC.swift */,
				D7EF25CE1E6225D3001748DB /* VendaVC.swift */,
				D7EF25D01E6227E5001748DB /* JogadorVC.swift */,
				D7EF25D61E630E73001748DB /* ClubeTVC.swift */,
				D7EF25D21E622CD4001748DB /* JogadorTVCell.swift */,
				D71B9CA11E6352A800336B5E /* FinancasVC.swift */,
				D71C01BF1E6A0A6F00E3AF2A /* EstadioVC.swift */,
				D71B9CA31E635F4300336B5E /* MovimentacaoTVCell.swift */,
				D7EF25B81E61D424001748DB /* AppDelegate.swift */,
				D7EF25BE1E61D424001748DB /* Main.storyboard */,
				D7EF25C11E61D424001748DB /* Assets.xcassets */,
				D7EF25C31E61D424001748DB /* LaunchScreen.storyboard */,
				D7EF25C61E61D424001748DB /* Info.plist */,
				D71C01BA1E68B8FA00E3AF2A /* Model */,
			);
			path = TheChampions;
			sourceTree = "<group>";
		};
		DC94BFEEF229E7F75672CFEA /* Frameworks */ = {
			isa = PBXGroup;
			children = (
				D835F8DF36BC0ED6DD435377 /* Pods_TheChampions.framework */,
			);
			name = Frameworks;
			sourceTree = "<group>";
		};
/* End PBXGroup section */

/* Begin PBXNativeTarget section */
		D7EF25B41E61D423001748DB /* TheChampions */ = {
			isa = PBXNativeTarget;
			buildConfigurationList = D7EF25C91E61D424001748DB /* Build configuration list for PBXNativeTarget "TheChampions" */;
			buildPhases = (
				534BA614487EF2B134B70931 /* [CP] Check Pods Manifest.lock */,
				D7EF25B11E61D423001748DB /* Sources */,
				D7EF25B21E61D423001748DB /* Frameworks */,
				D7EF25B31E61D423001748DB /* Resources */,
				C21324A8F710DB5D7E39E375 /* [CP] Embed Pods Frameworks */,
				4FF2868D16C46A449775EEB9 /* [CP] Copy Pods Resources */,
			);
			buildRules = (
			);
			dependencies = (
			);
			name = TheChampions;
			productName = TheChampions;
			productReference = D7EF25B51E61D424001748DB /* TheChampions.app */;
			productType = "com.apple.product-type.application";
		};
/* End PBXNativeTarget section */

/* Begin PBXProject section */
		D7EF25AD1E61D423001748DB /* Project object */ = {
			isa = PBXProject;
			attributes = {
				LastSwiftUpdateCheck = 0820;
				LastUpgradeCheck = 0820;
				ORGANIZATIONNAME = "Augusto Spinelli";
				TargetAttributes = {
					D7EF25B41E61D423001748DB = {
						CreatedOnToolsVersion = 8.2.1;
						DevelopmentTeam = S38FCA8567;
						ProvisioningStyle = Automatic;
					};
				};
			};
			buildConfigurationList = D7EF25B01E61D423001748DB /* Build configuration list for PBXProject "TheChampions" */;
			compatibilityVersion = "Xcode 3.2";
			developmentRegion = English;
			hasScannedForEncodings = 0;
			knownRegions = (
				en,
				Base,
			);
			mainGroup = D7EF25AC1E61D423001748DB;
			productRefGroup = D7EF25B61E61D424001748DB /* Products */;
			projectDirPath = "";
			projectRoot = "";
			targets = (
				D7EF25B41E61D423001748DB /* TheChampions */,
			);
		};
/* End PBXProject section */

/* Begin PBXResourcesBuildPhase section */
		D7EF25B31E61D423001748DB /* Resources */ = {
			isa = PBXResourcesBuildPhase;
			buildActionMask = 2147483647;
			files = (
				D7EF25C51E61D424001748DB /* LaunchScreen.storyboard in Resources */,
				D7C43A961E7222F6002D1CB5 /* clubes.json in Resources */,
				D7EF25C21E61D424001748DB /* Assets.xcassets in Resources */,
				D7EF25C01E61D424001748DB /* Main.storyboard in Resources */,
			);
			runOnlyForDeploymentPostprocessing = 0;
		};
/* End PBXResourcesBuildPhase section */

/* Begin PBXShellScriptBuildPhase section */
		4FF2868D16C46A449775EEB9 /* [CP] Copy Pods Resources */ = {
			isa = PBXShellScriptBuildPhase;
			buildActionMask = 2147483647;
			files = (
			);
			inputPaths = (
			);
			name = "[CP] Copy Pods Resources";
			outputPaths = (
			);
			runOnlyForDeploymentPostprocessing = 0;
			shellPath = /bin/sh;
			shellScript = "\"${SRCROOT}/Pods/Target Support Files/Pods-TheChampions/Pods-TheChampions-resources.sh\"\n";
			showEnvVarsInLog = 0;
		};
		534BA614487EF2B134B70931 /* [CP] Check Pods Manifest.lock */ = {
			isa = PBXShellScriptBuildPhase;
			buildActionMask = 2147483647;
			files = (
			);
			inputPaths = (
			);
			name = "[CP] Check Pods Manifest.lock";
			outputPaths = (
			);
			runOnlyForDeploymentPostprocessing = 0;
			shellPath = /bin/sh;
			shellScript = "diff \"${PODS_ROOT}/../Podfile.lock\" \"${PODS_ROOT}/Manifest.lock\" > /dev/null\nif [ $? != 0 ] ; then\n    # print error to STDERR\n    echo \"error: The sandbox is not in sync with the Podfile.lock. Run 'pod install' or update your CocoaPods installation.\" >&2\n    exit 1\nfi\n";
			showEnvVarsInLog = 0;
		};
		C21324A8F710DB5D7E39E375 /* [CP] Embed Pods Frameworks */ = {
			isa = PBXShellScriptBuildPhase;
			buildActionMask = 2147483647;
			files = (
			);
			inputPaths = (
			);
			name = "[CP] Embed Pods Frameworks";
			outputPaths = (
			);
			runOnlyForDeploymentPostprocessing = 0;
			shellPath = /bin/sh;
			shellScript = "\"${SRCROOT}/Pods/Target Support Files/Pods-TheChampions/Pods-TheChampions-frameworks.sh\"\n";
			showEnvVarsInLog = 0;
		};
/* End PBXShellScriptBuildPhase section */

/* Begin PBXSourcesBuildPhase section */
		D7EF25B11E61D423001748DB /* Sources */ = {
			isa = PBXSourcesBuildPhase;
			buildActionMask = 2147483647;
			files = (
				D7EF25B91E61D424001748DB /* AppDelegate.swift in Sources */,
				D71C01B51E65BA3B00E3AF2A /* TemporadaModel.swift in Sources */,
				D71C01BC1E69DC8500E3AF2A /* Config.swift in Sources */,
				D71C01AF1E64D25D00E3AF2A /* EstadioModel.swift in Sources */,
				D71B9CA41E635F4300336B5E /* MovimentacaoTVCell.swift in Sources */,
				D71C01B71E65BC1000E3AF2A /* TabelaClassificacaoModel.swift in Sources */,
				D71C01B11E64D3AB00E3AF2A /* ClubeModel.swift in Sources */,
				D7EF25D11E6227E5001748DB /* JogadorVC.swift in Sources */,
				D7EF25CF1E6225D3001748DB /* VendaVC.swift in Sources */,
				D71C01AD1E64CC6400E3AF2A /* JogadorModel.swift in Sources */,
				D71C01B31E65B95000E3AF2A /* MovimentoFinanceiroModel.swift in Sources */,
				D71B9CA21E6352A800336B5E /* FinancasVC.swift in Sources */,
				D7EF25D71E630E73001748DB /* ClubeTVC.swift in Sources */,
				D71C01BE1E69DE2D00E3AF2A /* InicioVC.swift in Sources */,
				D71C01C01E6A0A6F00E3AF2A /* EstadioVC.swift in Sources */,
				D71C01B91E689EDB00E3AF2A /* BaseDados.swift in Sources */,
				D7EF25D31E622CD4001748DB /* JogadorTVCell.swift in Sources */,
			);
			runOnlyForDeploymentPostprocessing = 0;
		};
/* End PBXSourcesBuildPhase section */

/* Begin PBXVariantGroup section */
		D7EF25BE1E61D424001748DB /* Main.storyboard */ = {
			isa = PBXVariantGroup;
			children = (
				D7EF25BF1E61D424001748DB /* Base */,
			);
			name = Main.storyboard;
			sourceTree = "<group>";
		};
		D7EF25C31E61D424001748DB /* LaunchScreen.storyboard */ = {
			isa = PBXVariantGroup;
			children = (
				D7EF25C41E61D424001748DB /* Base */,
			);
			name = LaunchScreen.storyboard;
			sourceTree = "<group>";
		};
/* End PBXVariantGroup section */

/* Begin XCBuildConfiguration section */
		D7EF25C71E61D424001748DB /* Debug */ = {
			isa = XCBuildConfiguration;
			buildSettings = {
				ALWAYS_SEARCH_USER_PATHS = NO;
				CLANG_ANALYZER_NONNULL = YES;
				CLANG_CXX_LANGUAGE_STANDARD = "gnu++0x";
				CLANG_CXX_LIBRARY = "libc++";
				CLANG_ENABLE_MODULES = YES;
				CLANG_ENABLE_OBJC_ARC = YES;
				CLANG_WARN_BOOL_CONVERSION = YES;
				CLANG_WARN_CONSTANT_CONVERSION = YES;
				CLANG_WARN_DIRECT_OBJC_ISA_USAGE = YES_ERROR;
				CLANG_WARN_DOCUMENTATION_COMMENTS = YES;
				CLANG_WARN_EMPTY_BODY = YES;
				CLANG_WARN_ENUM_CONVERSION = YES;
				CLANG_WARN_INFINITE_RECURSION = YES;
				CLANG_WARN_INT_CONVERSION = YES;
				CLANG_WARN_OBJC_ROOT_CLASS = YES_ERROR;
				CLANG_WARN_SUSPICIOUS_MOVE = YES;
				CLANG_WARN_UNREACHABLE_CODE = YES;
				CLANG_WARN__DUPLICATE_METHOD_MATCH = YES;
				"CODE_SIGN_IDENTITY[sdk=iphoneos*]" = "iPhone Developer";
				COPY_PHASE_STRIP = NO;
				DEBUG_INFORMATION_FORMAT = dwarf;
				ENABLE_STRICT_OBJC_MSGSEND = YES;
				ENABLE_TESTABILITY = YES;
				GCC_C_LANGUAGE_STANDARD = gnu99;
				GCC_DYNAMIC_NO_PIC = NO;
				GCC_NO_COMMON_BLOCKS = YES;
				GCC_OPTIMIZATION_LEVEL = 0;
				GCC_PREPROCESSOR_DEFINITIONS = (
					"DEBUG=1",
					"$(inherited)",
				);
				GCC_WARN_64_TO_32_BIT_CONVERSION = YES;
				GCC_WARN_ABOUT_RETURN_TYPE = YES_ERROR;
				GCC_WARN_UNDECLARED_SELECTOR = YES;
				GCC_WARN_UNINITIALIZED_AUTOS = YES_AGGRESSIVE;
				GCC_WARN_UNUSED_FUNCTION = YES;
				GCC_WARN_UNUSED_VARIABLE = YES;
				IPHONEOS_DEPLOYMENT_TARGET = 10.2;
				MTL_ENABLE_DEBUG_INFO = YES;
				ONLY_ACTIVE_ARCH = YES;
				SDKROOT = iphoneos;
				SWIFT_ACTIVE_COMPILATION_CONDITIONS = DEBUG;
				SWIFT_OPTIMIZATION_LEVEL = "-Onone";
			};
			name = Debug;
		};
		D7EF25C81E61D424001748DB /* Release */ = {
			isa = XCBuildConfiguration;
			buildSettings = {
				ALWAYS_SEARCH_USER_PATHS = NO;
				CLANG_ANALYZER_NONNULL = YES;
				CLANG_CXX_LANGUAGE_STANDARD = "gnu++0x";
				CLANG_CXX_LIBRARY = "libc++";
				CLANG_ENABLE_MODULES = YES;
				CLANG_ENABLE_OBJC_ARC = YES;
				CLANG_WARN_BOOL_CONVERSION = YES;
				CLANG_WARN_CONSTANT_CONVERSION = YES;
				CLANG_WARN_DIRECT_OBJC_ISA_USAGE = YES_ERROR;
				CLANG_WARN_DOCUMENTATION_COMMENTS = YES;
				CLANG_WARN_EMPTY_BODY = YES;
				CLANG_WARN_ENUM_CONVERSION = YES;
				CLANG_WARN_INFINITE_RECURSION = YES;
				CLANG_WARN_INT_CONVERSION = YES;
				CLANG_WARN_OBJC_ROOT_CLASS = YES_ERROR;
				CLANG_WARN_SUSPICIOUS_MOVE = YES;
				CLANG_WARN_UNREACHABLE_CODE = YES;
				CLANG_WARN__DUPLICATE_METHOD_MATCH = YES;
				"CODE_SIGN_IDENTITY[sdk=iphoneos*]" = "iPhone Developer";
				COPY_PHASE_STRIP = NO;
				DEBUG_INFORMATION_FORMAT = "dwarf-with-dsym";
				ENABLE_NS_ASSERTIONS = NO;
				ENABLE_STRICT_OBJC_MSGSEND = YES;
				GCC_C_LANGUAGE_STANDARD = gnu99;
				GCC_NO_COMMON_BLOCKS = YES;
				GCC_WARN_64_TO_32_BIT_CONVERSION = YES;
				GCC_WARN_ABOUT_RETURN_TYPE = YES_ERROR;
				GCC_WARN_UNDECLARED_SELECTOR = YES;
				GCC_WARN_UNINITIALIZED_AUTOS = YES_AGGRESSIVE;
				GCC_WARN_UNUSED_FUNCTION = YES;
				GCC_WARN_UNUSED_VARIABLE = YES;
				IPHONEOS_DEPLOYMENT_TARGET = 10.2;
				MTL_ENABLE_DEBUG_INFO = NO;
				SDKROOT = iphoneos;
				SWIFT_OPTIMIZATION_LEVEL = "-Owholemodule";
				VALIDATE_PRODUCT = YES;
			};
			name = Release;
		};
		D7EF25CA1E61D424001748DB /* Debug */ = {
			isa = XCBuildConfiguration;
			baseConfigurationReference = 0E7F7A388DFE9D8F084CA671 /* Pods-TheChampions.debug.xcconfig */;
			buildSettings = {
				ASSETCATALOG_COMPILER_APPICON_NAME = AppIcon;
				DEVELOPMENT_TEAM = S38FCA8567;
				INFOPLIST_FILE = TheChampions/Info.plist;
				LD_RUNPATH_SEARCH_PATHS = "$(inherited) @executable_path/Frameworks";
				PRODUCT_BUNDLE_IDENTIFIER = Spinelli.TheChampions;
				PRODUCT_NAME = "$(TARGET_NAME)";
				SWIFT_VERSION = 3.0;
			};
			name = Debug;
		};
		D7EF25CB1E61D424001748DB /* Release */ = {
			isa = XCBuildConfiguration;
			baseConfigurationReference = F5B90C3636253D6A6B8C8104 /* Pods-TheChampions.release.xcconfig */;
			buildSettings = {
				ASSETCATALOG_COMPILER_APPICON_NAME = AppIcon;
				DEVELOPMENT_TEAM = S38FCA8567;
				INFOPLIST_FILE = TheChampions/Info.plist;
				LD_RUNPATH_SEARCH_PATHS = "$(inherited) @executable_path/Frameworks";
				PRODUCT_BUNDLE_IDENTIFIER = Spinelli.TheChampions;
				PRODUCT_NAME = "$(TARGET_NAME)";
				SWIFT_VERSION = 3.0;
			};
			name = Release;
		};
/* End XCBuildConfiguration section */

/* Begin XCConfigurationList section */
		D7EF25B01E61D423001748DB /* Build configuration list for PBXProject "TheChampions" */ = {
			isa = XCConfigurationList;
			buildConfigurations = (
				D7EF25C71E61D424001748DB /* Debug */,
				D7EF25C81E61D424001748DB /* Release */,
			);
			defaultConfigurationIsVisible = 0;
			defaultConfigurationName = Release;
		};
		D7EF25C91E61D424001748DB /* Build configuration list for PBXNativeTarget "TheChampions" */ = {
			isa = XCConfigurationList;
			buildConfigurations = (
				D7EF25CA1E61D424001748DB /* Debug */,
				D7EF25CB1E61D424001748DB /* Release */,
			);
			defaultConfigurationIsVisible = 0;
			defaultConfigurationName = Release;
		};
/* End XCConfigurationList section */
	};
	rootObject = D7EF25AD1E61D423001748DB /* Project object */;
}
